// !$*UTF8*$!
{
	archiveVersion = 1;
	classes = {
	};
	objectVersion = 56;
	objects = {

/* Begin PBXBuildFile section */
		2ED342D02CF03C300048E69F /* FlickrImageSearchApp.swift in Sources */ = {isa = PBXBuildFile; fileRef = 2ED342CF2CF03C300048E69F /* FlickrImageSearchApp.swift */; };
		2ED342D22CF03C300048E69F /* FlickrImageSearchView.swift in Sources */ = {isa = PBXBuildFile; fileRef = 2ED342D12CF03C300048E69F /* FlickrImageSearchView.swift */; };
		2ED342D42CF03C330048E69F /* Assets.xcassets in Resources */ = {isa = PBXBuildFile; fileRef = 2ED342D32CF03C330048E69F /* Assets.xcassets */; };
		2ED342D72CF03C330048E69F /* Preview Assets.xcassets in Resources */ = {isa = PBXBuildFile; fileRef = 2ED342D62CF03C330048E69F /* Preview Assets.xcassets */; };
		2ED342E12CF03C330048E69F /* FlickrImageSearchTests.swift in Sources */ = {isa = PBXBuildFile; fileRef = 2ED342E02CF03C330048E69F /* FlickrImageSearchTests.swift */; };
		2ED342EB2CF03C330048E69F /* FlickrImageSearchUITests.swift in Sources */ = {isa = PBXBuildFile; fileRef = 2ED342EA2CF03C330048E69F /* FlickrImageSearchUITests.swift */; };
		2ED342ED2CF03C330048E69F /* FlickrImageSearchUITestsLaunchTests.swift in Sources */ = {isa = PBXBuildFile; fileRef = 2ED342EC2CF03C330048E69F /* FlickrImageSearchUITestsLaunchTests.swift */; };
		2ED342FA2CF045220048E69F /* FlickrImageSearchViewModel.swift in Sources */ = {isa = PBXBuildFile; fileRef = 2ED342F92CF045220048E69F /* FlickrImageSearchViewModel.swift */; };
		2ED342FC2CF045670048E69F /* FlickrService.swift in Sources */ = {isa = PBXBuildFile; fileRef = 2ED342FB2CF045670048E69F /* FlickrService.swift */; };
		2ED342FE2CF048D80048E69F /* FlickrResponse.swift in Sources */ = {isa = PBXBuildFile; fileRef = 2ED342FD2CF048D80048E69F /* FlickrResponse.swift */; };
		2ED343002CF04A140048E69F /* FlickrImageDetailsView.swift in Sources */ = {isa = PBXBuildFile; fileRef = 2ED342FF2CF04A140048E69F /* FlickrImageDetailsView.swift */; };
/* End PBXBuildFile section */

/* Begin PBXContainerItemProxy section */
		2ED342DD2CF03C330048E69F /* PBXContainerItemProxy */ = {
			isa = PBXContainerItemProxy;
			containerPortal = 2ED342C42CF03C300048E69F /* Project object */;
			proxyType = 1;
			remoteGlobalIDString = 2ED342CB2CF03C300048E69F;
			remoteInfo = FlickrImageSearch;
		};
		2ED342E72CF03C330048E69F /* PBXContainerItemProxy */ = {
			isa = PBXContainerItemProxy;
			containerPortal = 2ED342C42CF03C300048E69F /* Project object */;
			proxyType = 1;
			remoteGlobalIDString = 2ED342CB2CF03C300048E69F;
			remoteInfo = FlickrImageSearch;
		};
/* End PBXContainerItemProxy section */

/* Begin PBXFileReference section */
		2ED342CC2CF03C300048E69F /* FlickrImageSearch.app */ = {isa = PBXFileReference; explicitFileType = wrapper.application; includeInIndex = 0; path = FlickrImageSearch.app; sourceTree = BUILT_PRODUCTS_DIR; };
		2ED342CF2CF03C300048E69F /* FlickrImageSearchApp.swift */ = {isa = PBXFileReference; lastKnownFileType = sourcecode.swift; path = FlickrImageSearchApp.swift; sourceTree = "<group>"; };
		2ED342D12CF03C300048E69F /* FlickrImageSearchView.swift */ = {isa = PBXFileReference; lastKnownFileType = sourcecode.swift; path = FlickrImageSearchView.swift; sourceTree = "<group>"; };
		2ED342D32CF03C330048E69F /* Assets.xcassets */ = {isa = PBXFileReference; lastKnownFileType = folder.assetcatalog; path = Assets.xcassets; sourceTree = "<group>"; };
		2ED342D62CF03C330048E69F /* Preview Assets.xcassets */ = {isa = PBXFileReference; lastKnownFileType = folder.assetcatalog; path = "Preview Assets.xcassets"; sourceTree = "<group>"; };
		2ED342DC2CF03C330048E69F /* FlickrImageSearchTests.xctest */ = {isa = PBXFileReference; explicitFileType = wrapper.cfbundle; includeInIndex = 0; path = FlickrImageSearchTests.xctest; sourceTree = BUILT_PRODUCTS_DIR; };
		2ED342E02CF03C330048E69F /* FlickrImageSearchTests.swift */ = {isa = PBXFileReference; lastKnownFileType = sourcecode.swift; path = FlickrImageSearchTests.swift; sourceTree = "<group>"; };
		2ED342E62CF03C330048E69F /* FlickrImageSearchUITests.xctest */ = {isa = PBXFileReference; explicitFileType = wrapper.cfbundle; includeInIndex = 0; path = FlickrImageSearchUITests.xctest; sourceTree = BUILT_PRODUCTS_DIR; };
		2ED342EA2CF03C330048E69F /* FlickrImageSearchUITests.swift */ = {isa = PBXFileReference; lastKnownFileType = sourcecode.swift; path = FlickrImageSearchUITests.swift; sourceTree = "<group>"; };
		2ED342EC2CF03C330048E69F /* FlickrImageSearchUITestsLaunchTests.swift */ = {isa = PBXFileReference; lastKnownFileType = sourcecode.swift; path = FlickrImageSearchUITestsLaunchTests.swift; sourceTree = "<group>"; };
		2ED342F92CF045220048E69F /* FlickrImageSearchViewModel.swift */ = {isa = PBXFileReference; lastKnownFileType = sourcecode.swift; path = FlickrImageSearchViewModel.swift; sourceTree = "<group>"; };
		2ED342FB2CF045670048E69F /* FlickrService.swift */ = {isa = PBXFileReference; lastKnownFileType = sourcecode.swift; path = FlickrService.swift; sourceTree = "<group>"; };
		2ED342FD2CF048D80048E69F /* FlickrResponse.swift */ = {isa = PBXFileReference; lastKnownFileType = sourcecode.swift; path = FlickrResponse.swift; sourceTree = "<group>"; };
		2ED342FF2CF04A140048E69F /* FlickrImageDetailsView.swift */ = {isa = PBXFileReference; lastKnownFileType = sourcecode.swift; path = FlickrImageDetailsView.swift; sourceTree = "<group>"; };
/* End PBXFileReference section */

/* Begin PBXFrameworksBuildPhase section */
		2ED342C92CF03C300048E69F /* Frameworks */ = {
			isa = PBXFrameworksBuildPhase;
			buildActionMask = 2147483647;
			files = (
			);
			runOnlyForDeploymentPostprocessing = 0;
		};
		2ED342D92CF03C330048E69F /* Frameworks */ = {
			isa = PBXFrameworksBuildPhase;
			buildActionMask = 2147483647;
			files = (
			);
			runOnlyForDeploymentPostprocessing = 0;
		};
		2ED342E32CF03C330048E69F /* Frameworks */ = {
			isa = PBXFrameworksBuildPhase;
			buildActionMask = 2147483647;
			files = (
			);
			runOnlyForDeploymentPostprocessing = 0;
		};
/* End PBXFrameworksBuildPhase section */

/* Begin PBXGroup section */
		2ED342C32CF03C300048E69F = {
			isa = PBXGroup;
			children = (
				2ED342CE2CF03C300048E69F /* FlickrImageSearch */,
				2ED342DF2CF03C330048E69F /* FlickrImageSearchTests */,
				2ED342E92CF03C330048E69F /* FlickrImageSearchUITests */,
				2ED342CD2CF03C300048E69F /* Products */,
			);
			sourceTree = "<group>";
		};
		2ED342CD2CF03C300048E69F /* Products */ = {
			isa = PBXGroup;
			children = (
				2ED342CC2CF03C300048E69F /* FlickrImageSearch.app */,
				2ED342DC2CF03C330048E69F /* FlickrImageSearchTests.xctest */,
				2ED342E62CF03C330048E69F /* FlickrImageSearchUITests.xctest */,
			);
			name = Products;
			sourceTree = "<group>";
		};
		2ED342CE2CF03C300048E69F /* FlickrImageSearch */ = {
			isa = PBXGroup;
			children = (
				2ED342CF2CF03C300048E69F /* FlickrImageSearchApp.swift */,
				2ED342D12CF03C300048E69F /* FlickrImageSearchView.swift */,
				2ED342D32CF03C330048E69F /* Assets.xcassets */,
				2ED342D52CF03C330048E69F /* Preview Content */,
				2ED342F92CF045220048E69F /* FlickrImageSearchViewModel.swift */,
				2ED342FB2CF045670048E69F /* FlickrService.swift */,
				2ED342FD2CF048D80048E69F /* FlickrResponse.swift */,
				2ED342FF2CF04A140048E69F /* FlickrImageDetailsView.swift */,
			);
			path = FlickrImageSearch;
			sourceTree = "<group>";
		};
		2ED342D52CF03C330048E69F /* Preview Content */ = {
			isa = PBXGroup;
			children = (
				2ED342D62CF03C330048E69F /* Preview Assets.xcassets */,
			);
			path = "Preview Content";
			sourceTree = "<group>";
		};
		2ED342DF2CF03C330048E69F /* FlickrImageSearchTests */ = {
			isa = PBXGroup;
			children = (
				2ED342E02CF03C330048E69F /* FlickrImageSearchTests.swift */,
			);
			path = FlickrImageSearchTests;
			sourceTree = "<group>";
		};
		2ED342E92CF03C330048E69F /* FlickrImageSearchUITests */ = {
			isa = PBXGroup;
			children = (
				2ED342EA2CF03C330048E69F /* FlickrImageSearchUITests.swift */,
				2ED342EC2CF03C330048E69F /* FlickrImageSearchUITestsLaunchTests.swift */,
			);
			path = FlickrImageSearchUITests;
			sourceTree = "<group>";
		};
/* End PBXGroup section */

/* Begin PBXNativeTarget section */
		2ED342CB2CF03C300048E69F /* FlickrImageSearch */ = {
			isa = PBXNativeTarget;
			buildConfigurationList = 2ED342F02CF03C330048E69F /* Build configuration list for PBXNativeTarget "FlickrImageSearch" */;
			buildPhases = (
				2ED342C82CF03C300048E69F /* Sources */,
				2ED342C92CF03C300048E69F /* Frameworks */,
				2ED342CA2CF03C300048E69F /* Resources */,
			);
			buildRules = (
			);
			dependencies = (
			);
			name = FlickrImageSearch;
			productName = FlickrImageSearch;
			productReference = 2ED342CC2CF03C300048E69F /* FlickrImageSearch.app */;
			productType = "com.apple.product-type.application";
		};
		2ED342DB2CF03C330048E69F /* FlickrImageSearchTests */ = {
			isa = PBXNativeTarget;
			buildConfigurationList = 2ED342F32CF03C330048E69F /* Build configuration list for PBXNativeTarget "FlickrImageSearchTests" */;
			buildPhases = (
				2ED342D82CF03C330048E69F /* Sources */,
				2ED342D92CF03C330048E69F /* Frameworks */,
				2ED342DA2CF03C330048E69F /* Resources */,
			);
			buildRules = (
			);
			dependencies = (
				2ED342DE2CF03C330048E69F /* PBXTargetDependency */,
			);
			name = FlickrImageSearchTests;
			productName = FlickrImageSearchTests;
			productReference = 2ED342DC2CF03C330048E69F /* FlickrImageSearchTests.xctest */;
			productType = "com.apple.product-type.bundle.unit-test";
		};
		2ED342E52CF03C330048E69F /* FlickrImageSearchUITests */ = {
			isa = PBXNativeTarget;
			buildConfigurationList = 2ED342F62CF03C330048E69F /* Build configuration list for PBXNativeTarget "FlickrImageSearchUITests" */;
			buildPhases = (
				2ED342E22CF03C330048E69F /* Sources */,
				2ED342E32CF03C330048E69F /* Frameworks */,
				2ED342E42CF03C330048E69F /* Resources */,
			);
			buildRules = (
			);
			dependencies = (
				2ED342E82CF03C330048E69F /* PBXTargetDependency */,
			);
			name = FlickrImageSearchUITests;
			productName = FlickrImageSearchUITests;
			productReference = 2ED342E62CF03C330048E69F /* FlickrImageSearchUITests.xctest */;
			productType = "com.apple.product-type.bundle.ui-testing";
		};
/* End PBXNativeTarget section */

/* Begin PBXProject section */
		2ED342C42CF03C300048E69F /* Project object */ = {
			isa = PBXProject;
			attributes = {
				BuildIndependentTargetsInParallel = 1;
				LastSwiftUpdateCheck = 1540;
				LastUpgradeCheck = 1540;
				TargetAttributes = {
					2ED342CB2CF03C300048E69F = {
						CreatedOnToolsVersion = 15.4;
					};
					2ED342DB2CF03C330048E69F = {
						CreatedOnToolsVersion = 15.4;
						TestTargetID = 2ED342CB2CF03C300048E69F;
					};
					2ED342E52CF03C330048E69F = {
						CreatedOnToolsVersion = 15.4;
						TestTargetID = 2ED342CB2CF03C300048E69F;
					};
				};
			};
			buildConfigurationList = 2ED342C72CF03C300048E69F /* Build configuration list for PBXProject "FlickrImageSearch" */;
			compatibilityVersion = "Xcode 14.0";
			developmentRegion = en;
			hasScannedForEncodings = 0;
			knownRegions = (
				en,
				Base,
			);
			mainGroup = 2ED342C32CF03C300048E69F;
			productRefGroup = 2ED342CD2CF03C300048E69F /* Products */;
			projectDirPath = "";
			projectRoot = "";
			targets = (
				2ED342CB2CF03C300048E69F /* FlickrImageSearch */,
				2ED342DB2CF03C330048E69F /* FlickrImageSearchTests */,
				2ED342E52CF03C330048E69F /* FlickrImageSearchUITests */,
			);
		};
/* End PBXProject section */

/* Begin PBXResourcesBuildPhase section */
		2ED342CA2CF03C300048E69F /* Resources */ = {
			isa = PBXResourcesBuildPhase;
			buildActionMask = 2147483647;
			files = (
				2ED342D72CF03C330048E69F /* Preview Assets.xcassets in Resources */,
				2ED342D42CF03C330048E69F /* Assets.xcassets in Resources */,
			);
			runOnlyForDeploymentPostprocessing = 0;
		};
		2ED342DA2CF03C330048E69F /* Resources */ = {
			isa = PBXResourcesBuildPhase;
			buildActionMask = 2147483647;
			files = (
			);
			runOnlyForDeploymentPostprocessing = 0;
		};
		2ED342E42CF03C330048E69F /* Resources */ = {
			isa = PBXResourcesBuildPhase;
			buildActionMask = 2147483647;
			files = (
			);
			runOnlyForDeploymentPostprocessing = 0;
		};
/* End PBXResourcesBuildPhase section */

/* Begin PBXSourcesBuildPhase section */
		2ED342C82CF03C300048E69F /* Sources */ = {
			isa = PBXSourcesBuildPhase;
			buildActionMask = 2147483647;
			files = (
				2ED342FE2CF048D80048E69F /* FlickrResponse.swift in Sources */,
				2ED342D22CF03C300048E69F /* FlickrImageSearchView.swift in Sources */,
				2ED343002CF04A140048E69F /* FlickrImageDetailsView.swift in Sources */,
				2ED342FA2CF045220048E69F /* FlickrImageSearchViewModel.swift in Sources */,
				2ED342FC2CF045670048E69F /* FlickrService.swift in Sources */,
				2ED342D02CF03C300048E69F /* FlickrImageSearchApp.swift in Sources */,
			);
			runOnlyForDeploymentPostprocessing = 0;
		};
		2ED342D82CF03C330048E69F /* Sources */ = {
			isa = PBXSourcesBuildPhase;
			buildActionMask = 2147483647;
			files = (
				2ED342E12CF03C330048E69F /* FlickrImageSearchTests.swift in Sources */,
			);
			runOnlyForDeploymentPostprocessing = 0;
		};
		2ED342E22CF03C330048E69F /* Sources */ = {
			isa = PBXSourcesBuildPhase;
			buildActionMask = 2147483647;
			files = (
				2ED342EB2CF03C330048E69F /* FlickrImageSearchUITests.swift in Sources */,
				2ED342ED2CF03C330048E69F /* FlickrImageSearchUITestsLaunchTests.swift in Sources */,
			);
			runOnlyForDeploymentPostprocessing = 0;
		};
/* End PBXSourcesBuildPhase section */

/* Begin PBXTargetDependency section */
		2ED342DE2CF03C330048E69F /* PBXTargetDependency */ = {
			isa = PBXTargetDependency;
			target = 2ED342CB2CF03C300048E69F /* FlickrImageSearch */;
			targetProxy = 2ED342DD2CF03C330048E69F /* PBXContainerItemProxy */;
		};
		2ED342E82CF03C330048E69F /* PBXTargetDependency */ = {
			isa = PBXTargetDependency;
			target = 2ED342CB2CF03C300048E69F /* FlickrImageSearch */;
			targetProxy = 2ED342E72CF03C330048E69F /* PBXContainerItemProxy */;
		};
/* End PBXTargetDependency section */

/* Begin XCBuildConfiguration section */
		2ED342EE2CF03C330048E69F /* Debug */ = {
			isa = XCBuildConfiguration;
			buildSettings = {
				ALWAYS_SEARCH_USER_PATHS = NO;
				ASSETCATALOG_COMPILER_GENERATE_SWIFT_ASSET_SYMBOL_EXTENSIONS = YES;
				CLANG_ANALYZER_NONNULL = YES;
				CLANG_ANALYZER_NUMBER_OBJECT_CONVERSION = YES_AGGRESSIVE;
				CLANG_CXX_LANGUAGE_STANDARD = "gnu++20";
				CLANG_ENABLE_MODULES = YES;
				CLANG_ENABLE_OBJC_ARC = YES;
				CLANG_ENABLE_OBJC_WEAK = YES;
				CLANG_WARN_BLOCK_CAPTURE_AUTORELEASING = YES;
				CLANG_WARN_BOOL_CONVERSION = YES;
				CLANG_WARN_COMMA = YES;
				CLANG_WARN_CONSTANT_CONVERSION = YES;
				CLANG_WARN_DEPRECATED_OBJC_IMPLEMENTATIONS = YES;
				CLANG_WARN_DIRECT_OBJC_ISA_USAGE = YES_ERROR;
				CLANG_WARN_DOCUMENTATION_COMMENTS = YES;
				CLANG_WARN_EMPTY_BODY = YES;
				CLANG_WARN_ENUM_CONVERSION = YES;
				CLANG_WARN_INFINITE_RECURSION = YES;
				CLANG_WARN_INT_CONVERSION = YES;
				CLANG_WARN_NON_LITERAL_NULL_CONVERSION = YES;
				CLANG_WARN_OBJC_IMPLICIT_RETAIN_SELF = YES;
				CLANG_WARN_OBJC_LITERAL_CONVERSION = YES;
				CLANG_WARN_OBJC_ROOT_CLASS = YES_ERROR;
				CLANG_WARN_QUOTED_INCLUDE_IN_FRAMEWORK_HEADER = YES;
				CLANG_WARN_RANGE_LOOP_ANALYSIS = YES;
				CLANG_WARN_STRICT_PROTOTYPES = YES;
				CLANG_WARN_SUSPICIOUS_MOVE = YES;
				CLANG_WARN_UNGUARDED_AVAILABILITY = YES_AGGRESSIVE;
				CLANG_WARN_UNREACHABLE_CODE = YES;
				CLANG_WARN__DUPLICATE_METHOD_MATCH = YES;
				COPY_PHASE_STRIP = NO;
				DEBUG_INFORMATION_FORMAT = dwarf;
				ENABLE_STRICT_OBJC_MSGSEND = YES;
				ENABLE_TESTABILITY = YES;
				ENABLE_USER_SCRIPT_SANDBOXING = YES;
				GCC_C_LANGUAGE_STANDARD = gnu17;
				GCC_DYNAMIC_NO_PIC = NO;
				GCC_NO_COMMON_BLOCKS = YES;
				GCC_OPTIMIZATION_LEVEL = 0;
				GCC_PREPROCESSOR_DEFINITIONS = (
					"DEBUG=1",
					"$(inherited)",
				);
				GCC_WARN_64_TO_32_BIT_CONVERSION = YES;
				GCC_WARN_ABOUT_RETURN_TYPE = YES_ERROR;
				GCC_WARN_UNDECLARED_SELECTOR = YES;
				GCC_WARN_UNINITIALIZED_AUTOS = YES_AGGRESSIVE;
				GCC_WARN_UNUSED_FUNCTION = YES;
				GCC_WARN_UNUSED_VARIABLE = YES;
				IPHONEOS_DEPLOYMENT_TARGET = 17.5;
				LOCALIZATION_PREFERS_STRING_CATALOGS = YES;
				MTL_ENABLE_DEBUG_INFO = INCLUDE_SOURCE;
				MTL_FAST_MATH = YES;
				ONLY_ACTIVE_ARCH = YES;
				SDKROOT = iphoneos;
				SWIFT_ACTIVE_COMPILATION_CONDITIONS = "DEBUG $(inherited)";
				SWIFT_OPTIMIZATION_LEVEL = "-Onone";
			};
			name = Debug;
		};
		2ED342EF2CF03C330048E69F /* Release */ = {
			isa = XCBuildConfiguration;
			buildSettings = {
				ALWAYS_SEARCH_USER_PATHS = NO;
				ASSETCATALOG_COMPILER_GENERATE_SWIFT_ASSET_SYMBOL_EXTENSIONS = YES;
				CLANG_ANALYZER_NONNULL = YES;
				CLANG_ANALYZER_NUMBER_OBJECT_CONVERSION = YES_AGGRESSIVE;
				CLANG_CXX_LANGUAGE_STANDARD = "gnu++20";
				CLANG_ENABLE_MODULES = YES;
				CLANG_ENABLE_OBJC_ARC = YES;
				CLANG_ENABLE_OBJC_WEAK = YES;
				CLANG_WARN_BLOCK_CAPTURE_AUTORELEASING = YES;
				CLANG_WARN_BOOL_CONVERSION = YES;
				CLANG_WARN_COMMA = YES;
				CLANG_WARN_CONSTANT_CONVERSION = YES;
				CLANG_WARN_DEPRECATED_OBJC_IMPLEMENTATIONS = YES;
				CLANG_WARN_DIRECT_OBJC_ISA_USAGE = YES_ERROR;
				CLANG_WARN_DOCUMENTATION_COMMENTS = YES;
				CLANG_WARN_EMPTY_BODY = YES;
				CLANG_WARN_ENUM_CONVERSION = YES;
				CLANG_WARN_INFINITE_RECURSION = YES;
				CLANG_WARN_INT_CONVERSION = YES;
				CLANG_WARN_NON_LITERAL_NULL_CONVERSION = YES;
				CLANG_WARN_OBJC_IMPLICIT_RETAIN_SELF = YES;
				CLANG_WARN_OBJC_LITERAL_CONVERSION = YES;
				CLANG_WARN_OBJC_ROOT_CLASS = YES_ERROR;
				CLANG_WARN_QUOTED_INCLUDE_IN_FRAMEWORK_HEADER = YES;
				CLANG_WARN_RANGE_LOOP_ANALYSIS = YES;
				CLANG_WARN_STRICT_PROTOTYPES = YES;
				CLANG_WARN_SUSPICIOUS_MOVE = YES;
				CLANG_WARN_UNGUARDED_AVAILABILITY = YES_AGGRESSIVE;
				CLANG_WARN_UNREACHABLE_CODE = YES;
				CLANG_WARN__DUPLICATE_METHOD_MATCH = YES;
				COPY_PHASE_STRIP = NO;
				DEBUG_INFORMATION_FORMAT = "dwarf-with-dsym";
				ENABLE_NS_ASSERTIONS = NO;
				ENABLE_STRICT_OBJC_MSGSEND = YES;
				ENABLE_USER_SCRIPT_SANDBOXING = YES;
				GCC_C_LANGUAGE_STANDARD = gnu17;
				GCC_NO_COMMON_BLOCKS = YES;
				GCC_WARN_64_TO_32_BIT_CONVERSION = YES;
				GCC_WARN_ABOUT_RETURN_TYPE = YES_ERROR;
				GCC_WARN_UNDECLARED_SELECTOR = YES;
				GCC_WARN_UNINITIALIZED_AUTOS = YES_AGGRESSIVE;
				GCC_WARN_UNUSED_FUNCTION = YES;
				GCC_WARN_UNUSED_VARIABLE = YES;
				IPHONEOS_DEPLOYMENT_TARGET = 17.5;
				LOCALIZATION_PREFERS_STRING_CATALOGS = YES;
				MTL_ENABLE_DEBUG_INFO = NO;
				MTL_FAST_MATH = YES;
				SDKROOT = iphoneos;
				SWIFT_COMPILATION_MODE = wholemodule;
				VALIDATE_PRODUCT = YES;
			};
			name = Release;
		};
		2ED342F12CF03C330048E69F /* Debug */ = {
			isa = XCBuildConfiguration;
			buildSettings = {
				ASSETCATALOG_COMPILER_APPICON_NAME = AppIcon;
				ASSETCATALOG_COMPILER_GLOBAL_ACCENT_COLOR_NAME = AccentColor;
				CODE_SIGN_STYLE = Automatic;
				CURRENT_PROJECT_VERSION = 1;
				DEVELOPMENT_ASSET_PATHS = "\"FlickrImageSearch/Preview Content\"";
				DEVELOPMENT_TEAM = QL3B9VCFT9;
				ENABLE_PREVIEWS = YES;
				GENERATE_INFOPLIST_FILE = YES;
				INFOPLIST_KEY_UIApplicationSceneManifest_Generation = YES;
				INFOPLIST_KEY_UIApplicationSupportsIndirectInputEvents = YES;
				INFOPLIST_KEY_UILaunchScreen_Generation = YES;
				INFOPLIST_KEY_UISupportedInterfaceOrientations_iPad = "UIInterfaceOrientationPortrait UIInterfaceOrientationPortraitUpsideDown UIInterfaceOrientationLandscapeLeft UIInterfaceOrientationLandscapeRight";
				INFOPLIST_KEY_UISupportedInterfaceOrientations_iPhone = "UIInterfaceOrientationPortrait UIInterfaceOrientationLandscapeLeft UIInterfaceOrientationLandscapeRight";
				LD_RUNPATH_SEARCH_PATHS = (
					"$(inherited)",
					"@executable_path/Frameworks",
				);
				MARKETING_VERSION = 1.0;
				PRODUCT_BUNDLE_IDENTIFIER = com.Deepika.FlickrImageSearch;
				PRODUCT_NAME = "$(TARGET_NAME)";
				SWIFT_EMIT_LOC_STRINGS = YES;
				SWIFT_VERSION = 5.0;
				TARGETED_DEVICE_FAMILY = "1,2";
			};
			name = Debug;
		};
		2ED342F22CF03C330048E69F /* Release */ = {
			isa = XCBuildConfiguration;
			buildSettings = {
				ASSETCATALOG_COMPILER_APPICON_NAME = AppIcon;
				ASSETCATALOG_COMPILER_GLOBAL_ACCENT_COLOR_NAME = AccentColor;
				CODE_SIGN_STYLE = Automatic;
				CURRENT_PROJECT_VERSION = 1;
				DEVELOPMENT_ASSET_PATHS = "\"FlickrImageSearch/Preview Content\"";
				DEVELOPMENT_TEAM = QL3B9VCFT9;
				ENABLE_PREVIEWS = YES;
				GENERATE_INFOPLIST_FILE = YES;
				INFOPLIST_KEY_UIApplicationSceneManifest_Generation = YES;
				INFOPLIST_KEY_UIApplicationSupportsIndirectInputEvents = YES;
				INFOPLIST_KEY_UILaunchScreen_Generation = YES;
				INFOPLIST_KEY_UISupportedInterfaceOrientations_iPad = "UIInterfaceOrientationPortrait UIInterfaceOrientationPortraitUpsideDown UIInterfaceOrientationLandscapeLeft UIInterfaceOrientationLandscapeRight";
				INFOPLIST_KEY_UISupportedInterfaceOrientations_iPhone = "UIInterfaceOrientationPortrait UIInterfaceOrientationLandscapeLeft UIInterfaceOrientationLandscapeRight";
				LD_RUNPATH_SEARCH_PATHS = (
					"$(inherited)",
					"@executable_path/Frameworks",
				);
				MARKETING_VERSION = 1.0;
				PRODUCT_BUNDLE_IDENTIFIER = com.Deepika.FlickrImageSearch;
				PRODUCT_NAME = "$(TARGET_NAME)";
				SWIFT_EMIT_LOC_STRINGS = YES;
				SWIFT_VERSION = 5.0;
				TARGETED_DEVICE_FAMILY = "1,2";
			};
			name = Release;
		};
		2ED342F42CF03C330048E69F /* Debug */ = {
			isa = XCBuildConfiguration;
			buildSettings = {
				ALWAYS_EMBED_SWIFT_STANDARD_LIBRARIES = YES;
				BUNDLE_LOADER = "$(TEST_HOST)";
				CODE_SIGN_STYLE = Automatic;
				CURRENT_PROJECT_VERSION = 1;
				DEVELOPMENT_TEAM = QL3B9VCFT9;
				GENERATE_INFOPLIST_FILE = YES;
				IPHONEOS_DEPLOYMENT_TARGET = 17.5;
				MARKETING_VERSION = 1.0;
				PRODUCT_BUNDLE_IDENTIFIER = com.Deepika.FlickrImageSearchTests;
				PRODUCT_NAME = "$(TARGET_NAME)";
				SWIFT_EMIT_LOC_STRINGS = NO;
				SWIFT_VERSION = 5.0;
				TARGETED_DEVICE_FAMILY = "1,2";
				TEST_HOST = "$(BUILT_PRODUCTS_DIR)/FlickrImageSearch.app/$(BUNDLE_EXECUTABLE_FOLDER_PATH)/FlickrImageSearch";
			};
			name = Debug;
		};
		2ED342F52CF03C330048E69F /* Release */ = {
			isa = XCBuildConfiguration;
			buildSettings = {
				ALWAYS_EMBED_SWIFT_STANDARD_LIBRARIES = YES;
				BUNDLE_LOADER = "$(TEST_HOST)";
				CODE_SIGN_STYLE = Automatic;
				CURRENT_PROJECT_VERSION = 1;
				DEVELOPMENT_TEAM = QL3B9VCFT9;
				GENERATE_INFOPLIST_FILE = YES;
				IPHONEOS_DEPLOYMENT_TARGET = 17.5;
				MARKETING_VERSION = 1.0;
				PRODUCT_BUNDLE_IDENTIFIER = com.Deepika.FlickrImageSearchTests;
				PRODUCT_NAME = "$(TARGET_NAME)";
				SWIFT_EMIT_LOC_STRINGS = NO;
				SWIFT_VERSION = 5.0;
				TARGETED_DEVICE_FAMILY = "1,2";
				TEST_HOST = "$(BUILT_PRODUCTS_DIR)/FlickrImageSearch.app/$(BUNDLE_EXECUTABLE_FOLDER_PATH)/FlickrImageSearch";
			};
			name = Release;
		};
		2ED342F72CF03C330048E69F /* Debug */ = {
			isa = XCBuildConfiguration;
			buildSettings = {
				ALWAYS_EMBED_SWIFT_STANDARD_LIBRARIES = YES;
				CODE_SIGN_STYLE = Automatic;
				CURRENT_PROJECT_VERSION = 1;
				DEVELOPMENT_TEAM = QL3B9VCFT9;
				GENERATE_INFOPLIST_FILE = YES;
				MARKETING_VERSION = 1.0;
				PRODUCT_BUNDLE_IDENTIFIER = com.Deepika.FlickrImageSearchUITests;
				PRODUCT_NAME = "$(TARGET_NAME)";
				SWIFT_EMIT_LOC_STRINGS = NO;
				SWIFT_VERSION = 5.0;
				TARGETED_DEVICE_FAMILY = "1,2";
				TEST_TARGET_NAME = FlickrImageSearch;
			};
			name = Debug;
		};
		2ED342F82CF03C330048E69F /* Release */ = {
			isa = XCBuildConfiguration;
			buildSettings = {
				ALWAYS_EMBED_SWIFT_STANDARD_LIBRARIES = YES;
				CODE_SIGN_STYLE = Automatic;
				CURRENT_PROJECT_VERSION = 1;
				DEVELOPMENT_TEAM = QL3B9VCFT9;
				GENERATE_INFOPLIST_FILE = YES;
				MARKETING_VERSION = 1.0;
				PRODUCT_BUNDLE_IDENTIFIER = com.Deepika.FlickrImageSearchUITests;
				PRODUCT_NAME = "$(TARGET_NAME)";
				SWIFT_EMIT_LOC_STRINGS = NO;
				SWIFT_VERSION = 5.0;
				TARGETED_DEVICE_FAMILY = "1,2";
				TEST_TARGET_NAME = FlickrImageSearch;
			};
			name = Release;
		};
/* End XCBuildConfiguration section */

/* Begin XCConfigurationList section */
		2ED342C72CF03C300048E69F /* Build configuration list for PBXProject "FlickrImageSearch" */ = {
			isa = XCConfigurationList;
			buildConfigurations = (
				2ED342EE2CF03C330048E69F /* Debug */,
				2ED342EF2CF03C330048E69F /* Release */,
			);
			defaultConfigurationIsVisible = 0;
			defaultConfigurationName = Release;
		};
		2ED342F02CF03C330048E69F /* Build configuration list for PBXNativeTarget "FlickrImageSearch" */ = {
			isa = XCConfigurationList;
			buildConfigurations = (
				2ED342F12CF03C330048E69F /* Debug */,
				2ED342F22CF03C330048E69F /* Release */,
			);
			defaultConfigurationIsVisible = 0;
			defaultConfigurationName = Release;
		};
		2ED342F32CF03C330048E69F /* Build configuration list for PBXNativeTarget "FlickrImageSearchTests" */ = {
			isa = XCConfigurationList;
			buildConfigurations = (
				2ED342F42CF03C330048E69F /* Debug */,
				2ED342F52CF03C330048E69F /* Release */,
			);
			defaultConfigurationIsVisible = 0;
			defaultConfigurationName = Release;
		};
		2ED342F62CF03C330048E69F /* Build configuration list for PBXNativeTarget "FlickrImageSearchUITests" */ = {
			isa = XCConfigurationList;
			buildConfigurations = (
				2ED342F72CF03C330048E69F /* Debug */,
				2ED342F82CF03C330048E69F /* Release */,
			);
			defaultConfigurationIsVisible = 0;
			defaultConfigurationName = Release;
		};
/* End XCConfigurationList section */
	};
	rootObject = 2ED342C42CF03C300048E69F /* Project object */;
}
